
Microsoft Visual Studio Solution File, Format Version 12.00
# Visual Studio Version 16
VisualStudioVersion = 16.0.31019.35
MinimumVisualStudioVersion = 10.0.40219.1
Project("{9A19103F-16F7-4668-BE54-9A1E7A4F7556}") = "Programa para Validação de Notas", "Programa para Validação de Notas\Programa para Validação de Notas.csproj", "{246224BB-94BC-4060-A920-000DFFF19B4E}"
EndProject
Project("{9A19103F-16F7-4668-BE54-9A1E7A4F7556}") = "Quanta Mandioca", "Quanta Mandioca\Quanta Mandioca.csproj", "{8E5B2270-0FE6-427B-B93E-2E48CBC5D924}"
EndProject
Project("{9A19103F-16F7-4668-BE54-9A1E7A4F7556}") = "Compras no Supermercado", "Compras no Supermercado\Compras no Supermercado.csproj", "{6D11FCC3-EFA6-4120-B3DF-580651AF1F4A}"
EndProject
Project("{9A19103F-16F7-4668-BE54-9A1E7A4F7556}") = "Validador de senhas com requisitos", "Validador de senhas com requisitos\Validador de senhas com requisitos.csproj", "{6EACFDF9-423B-4BEE-A39B-991CEBA88DAE}"
EndProject
Project("{9A19103F-16F7-4668-BE54-9A1E7A4F7556}") = "Fila do Banco", "Fila do Banco\Fila do Banco.csproj", "{F74801F6-5C2C-4C2E-9CEF-C541BF7C466D}"
EndProject
Project("{9A19103F-16F7-4668-BE54-9A1E7A4F7556}") = "Visita na Feira", "Visita na Feira\Visita na Feira.csproj", "{8339AA82-BDDF-43A2-83EB-BE0C53348729}"
EndProject
Project("{9A19103F-16F7-4668-BE54-9A1E7A4F7556}") = "Tuitando", "Tuitando\Tuitando.csproj", "{E259FE8B-02B2-4BFF-AF3C-8F154A0B1FE0}"
EndProject
Project("{9A19103F-16F7-4668-BE54-9A1E7A4F7556}") = "Validação de Nota", "Validação de Nota\Validação de Nota.csproj", "{EC48AE82-3C68-4D5E-A120-DBAEA840E054}"
EndProject
Project("{9A19103F-16F7-4668-BE54-9A1E7A4F7556}") = "Teste de Seleção 1", "Teste de Seleção 1\Teste de Seleção 1.csproj", "{296E2439-C0D3-47D8-9DD5-42221D6104BB}"
EndProject
Project("{9A19103F-16F7-4668-BE54-9A1E7A4F7556}") = "Triângulo", "Triângulo\Triângulo.csproj", "{D52AB67A-C330-4E24-9940-43119D3BCF18}"
EndProject
Project("{9A19103F-16F7-4668-BE54-9A1E7A4F7556}") = "Números Ímpares", "Números Ímpares\Números Ímpares.csproj", "{AA3741A5-D919-4A6F-9AFA-81BB7BE19C08}"
EndProject
Project("{9A19103F-16F7-4668-BE54-9A1E7A4F7556}") = "Conversão de Tempo", "Conversão de Tempo\Conversão de Tempo.csproj", "{89F00F03-4396-4B4F-9EF1-CD9DC68F3D8E}"
EndProject
Project("{9A19103F-16F7-4668-BE54-9A1E7A4F7556}") = "Tempo do Dobby", "Tempo do Dobby\Tempo do Dobby.csproj", "{62C64AC4-7AA0-4968-A0D7-E3700D79549E}"
EndProject
Project("{FAE04EC0-301F-11D3-BF4B-00C04F79EFBC}") = "Tipo de combustivel 1", "Tipo de combustivel\Tipo de combustivel 1.csproj", "{BE630A02-595D-4A8F-899C-634D4731F844}"
EndProject
Project("{9A19103F-16F7-4668-BE54-9A1E7A4F7556}") = "O Maior", "O Maior\O Maior.csproj", "{5E58350F-2FD1-4EF7-911B-994E6A028F7A}"
EndProject
Project("{9A19103F-16F7-4668-BE54-9A1E7A4F7556}") = "Sequência Lógica 2", "Sequência Lógica 2\Sequência Lógica 2.csproj", "{9F9727D0-C3BB-4EB9-B0E5-3351DA774D70}"
EndProject
Project("{9A19103F-16F7-4668-BE54-9A1E7A4F7556}") = "Mês", "Mês\Mês.csproj", "{33F36639-862C-4137-8DAB-ACE3BA9598CD}"
EndProject
Project("{9A19103F-16F7-4668-BE54-9A1E7A4F7556}") = "Quantidade de Números Positivos", "Quantidade de Números Positivos\Quantidade de Números Positivos.csproj", "{D80673F4-1916-46E4-A6DD-BA55660413AB}"
EndProject
Project("{9A19103F-16F7-4668-BE54-9A1E7A4F7556}") = "Animal", "Animal\Animal.csproj", "{C66904A2-4EE9-476B-9B54-1B873522C6C5}"
EndProject
Project("{9A19103F-16F7-4668-BE54-9A1E7A4F7556}") = "Área do Círculo", "Área do Círculo\Área do Círculo.csproj", "{52EB5C62-8072-4D46-AE73-053773BC56F2}"
EndProject
Project("{FAE04EC0-301F-11D3-BF4B-00C04F79EFBC}") = "Ho Ho Ho", "Ho Ho Ho\Ho Ho Ho.csproj", "{89BE2859-593D-48DD-B67A-2520F8FFE7D1}"
EndProject
Global
	GlobalSection(SolutionConfigurationPlatforms) = preSolution
		Debug|Any CPU = Debug|Any CPU
		Release|Any CPU = Release|Any CPU
	EndGlobalSection
	GlobalSection(ProjectConfigurationPlatforms) = postSolution
		{246224BB-94BC-4060-A920-000DFFF19B4E}.Debug|Any CPU.ActiveCfg = Debug|Any CPU
		{246224BB-94BC-4060-A920-000DFFF19B4E}.Debug|Any CPU.Build.0 = Debug|Any CPU
		{246224BB-94BC-4060-A920-000DFFF19B4E}.Release|Any CPU.ActiveCfg = Release|Any CPU
		{246224BB-94BC-4060-A920-000DFFF19B4E}.Release|Any CPU.Build.0 = Release|Any CPU
		{8E5B2270-0FE6-427B-B93E-2E48CBC5D924}.Debug|Any CPU.ActiveCfg = Debug|Any CPU
		{8E5B2270-0FE6-427B-B93E-2E48CBC5D924}.Debug|Any CPU.Build.0 = Debug|Any CPU
		{8E5B2270-0FE6-427B-B93E-2E48CBC5D924}.Release|Any CPU.ActiveCfg = Release|Any CPU
		{8E5B2270-0FE6-427B-B93E-2E48CBC5D924}.Release|Any CPU.Build.0 = Release|Any CPU
		{6D11FCC3-EFA6-4120-B3DF-580651AF1F4A}.Debug|Any CPU.ActiveCfg = Debug|Any CPU
		{6D11FCC3-EFA6-4120-B3DF-580651AF1F4A}.Debug|Any CPU.Build.0 = Debug|Any CPU
		{6D11FCC3-EFA6-4120-B3DF-580651AF1F4A}.Release|Any CPU.ActiveCfg = Release|Any CPU
		{6D11FCC3-EFA6-4120-B3DF-580651AF1F4A}.Release|Any CPU.Build.0 = Release|Any CPU
		{6EACFDF9-423B-4BEE-A39B-991CEBA88DAE}.Debug|Any CPU.ActiveCfg = Debug|Any CPU
		{6EACFDF9-423B-4BEE-A39B-991CEBA88DAE}.Debug|Any CPU.Build.0 = Debug|Any CPU
		{6EACFDF9-423B-4BEE-A39B-991CEBA88DAE}.Release|Any CPU.ActiveCfg = Release|Any CPU
		{6EACFDF9-423B-4BEE-A39B-991CEBA88DAE}.Release|Any CPU.Build.0 = Release|Any CPU
		{F74801F6-5C2C-4C2E-9CEF-C541BF7C466D}.Debug|Any CPU.ActiveCfg = Debug|Any CPU
		{F74801F6-5C2C-4C2E-9CEF-C541BF7C466D}.Debug|Any CPU.Build.0 = Debug|Any CPU
		{F74801F6-5C2C-4C2E-9CEF-C541BF7C466D}.Release|Any CPU.ActiveCfg = Release|Any CPU
		{F74801F6-5C2C-4C2E-9CEF-C541BF7C466D}.Release|Any CPU.Build.0 = Release|Any CPU
		{8339AA82-BDDF-43A2-83EB-BE0C53348729}.Debug|Any CPU.ActiveCfg = Debug|Any CPU
		{8339AA82-BDDF-43A2-83EB-BE0C53348729}.Debug|Any CPU.Build.0 = Debug|Any CPU
		{8339AA82-BDDF-43A2-83EB-BE0C53348729}.Release|Any CPU.ActiveCfg = Release|Any CPU
		{8339AA82-BDDF-43A2-83EB-BE0C53348729}.Release|Any CPU.Build.0 = Release|Any CPU
		{E259FE8B-02B2-4BFF-AF3C-8F154A0B1FE0}.Debug|Any CPU.ActiveCfg = Debug|Any CPU
		{E259FE8B-02B2-4BFF-AF3C-8F154A0B1FE0}.Debug|Any CPU.Build.0 = Debug|Any CPU
		{E259FE8B-02B2-4BFF-AF3C-8F154A0B1FE0}.Release|Any CPU.ActiveCfg = Release|Any CPU
		{E259FE8B-02B2-4BFF-AF3C-8F154A0B1FE0}.Release|Any CPU.Build.0 = Release|Any CPU
		{EC48AE82-3C68-4D5E-A120-DBAEA840E054}.Debug|Any CPU.ActiveCfg = Debug|Any CPU
		{EC48AE82-3C68-4D5E-A120-DBAEA840E054}.Debug|Any CPU.Build.0 = Debug|Any CPU
		{EC48AE82-3C68-4D5E-A120-DBAEA840E054}.Release|Any CPU.ActiveCfg = Release|Any CPU
		{EC48AE82-3C68-4D5E-A120-DBAEA840E054}.Release|Any CPU.Build.0 = Release|Any CPU
		{296E2439-C0D3-47D8-9DD5-42221D6104BB}.Debug|Any CPU.ActiveCfg = Debug|Any CPU
		{296E2439-C0D3-47D8-9DD5-42221D6104BB}.Debug|Any CPU.Build.0 = Debug|Any CPU
		{296E2439-C0D3-47D8-9DD5-42221D6104BB}.Release|Any CPU.ActiveCfg = Release|Any CPU
		{296E2439-C0D3-47D8-9DD5-42221D6104BB}.Release|Any CPU.Build.0 = Release|Any CPU
		{D52AB67A-C330-4E24-9940-43119D3BCF18}.Debug|Any CPU.ActiveCfg = Debug|Any CPU
		{D52AB67A-C330-4E24-9940-43119D3BCF18}.Debug|Any CPU.Build.0 = Debug|Any CPU
		{D52AB67A-C330-4E24-9940-43119D3BCF18}.Release|Any CPU.ActiveCfg = Release|Any CPU
		{D52AB67A-C330-4E24-9940-43119D3BCF18}.Release|Any CPU.Build.0 = Release|Any CPU
		{AA3741A5-D919-4A6F-9AFA-81BB7BE19C08}.Debug|Any CPU.ActiveCfg = Debug|Any CPU
		{AA3741A5-D919-4A6F-9AFA-81BB7BE19C08}.Debug|Any CPU.Build.0 = Debug|Any CPU
		{AA3741A5-D919-4A6F-9AFA-81BB7BE19C08}.Release|Any CPU.ActiveCfg = Release|Any CPU
		{AA3741A5-D919-4A6F-9AFA-81BB7BE19C08}.Release|Any CPU.Build.0 = Release|Any CPU
		{89F00F03-4396-4B4F-9EF1-CD9DC68F3D8E}.Debug|Any CPU.ActiveCfg = Debug|Any CPU
		{89F00F03-4396-4B4F-9EF1-CD9DC68F3D8E}.Debug|Any CPU.Build.0 = Debug|Any CPU
		{89F00F03-4396-4B4F-9EF1-CD9DC68F3D8E}.Release|Any CPU.ActiveCfg = Release|Any CPU
		{89F00F03-4396-4B4F-9EF1-CD9DC68F3D8E}.Release|Any CPU.Build.0 = Release|Any CPU
		{62C64AC4-7AA0-4968-A0D7-E3700D79549E}.Debug|Any CPU.ActiveCfg = Debug|Any CPU
		{62C64AC4-7AA0-4968-A0D7-E3700D79549E}.Debug|Any CPU.Build.0 = Debug|Any CPU
		{62C64AC4-7AA0-4968-A0D7-E3700D79549E}.Release|Any CPU.ActiveCfg = Release|Any CPU
		{62C64AC4-7AA0-4968-A0D7-E3700D79549E}.Release|Any CPU.Build.0 = Release|Any CPU
		{BE630A02-595D-4A8F-899C-634D4731F844}.Debug|Any CPU.ActiveCfg = Debug|Any CPU
		{BE630A02-595D-4A8F-899C-634D4731F844}.Debug|Any CPU.Build.0 = Debug|Any CPU
		{BE630A02-595D-4A8F-899C-634D4731F844}.Release|Any CPU.ActiveCfg = Release|Any CPU
		{BE630A02-595D-4A8F-899C-634D4731F844}.Release|Any CPU.Build.0 = Release|Any CPU
		{5E58350F-2FD1-4EF7-911B-994E6A028F7A}.Debug|Any CPU.ActiveCfg = Debug|Any CPU
		{5E58350F-2FD1-4EF7-911B-994E6A028F7A}.Debug|Any CPU.Build.0 = Debug|Any CPU
		{5E58350F-2FD1-4EF7-911B-994E6A028F7A}.Release|Any CPU.ActiveCfg = Release|Any CPU
		{5E58350F-2FD1-4EF7-911B-994E6A028F7A}.Release|Any CPU.Build.0 = Release|Any CPU
		{9F9727D0-C3BB-4EB9-B0E5-3351DA774D70}.Debug|Any CPU.ActiveCfg = Debug|Any CPU
		{9F9727D0-C3BB-4EB9-B0E5-3351DA774D70}.Debug|Any CPU.Build.0 = Debug|Any CPU
		{9F9727D0-C3BB-4EB9-B0E5-3351DA774D70}.Release|Any CPU.ActiveCfg = Release|Any CPU
		{9F9727D0-C3BB-4EB9-B0E5-3351DA774D70}.Release|Any CPU.Build.0 = Release|Any CPU
		{33F36639-862C-4137-8DAB-ACE3BA9598CD}.Debug|Any CPU.ActiveCfg = Debug|Any CPU
		{33F36639-862C-4137-8DAB-ACE3BA9598CD}.Debug|Any CPU.Build.0 = Debug|Any CPU
		{33F36639-862C-4137-8DAB-ACE3BA9598CD}.Release|Any CPU.ActiveCfg = Release|Any CPU
		{33F36639-862C-4137-8DAB-ACE3BA9598CD}.Release|Any CPU.Build.0 = Release|Any CPU
		{D80673F4-1916-46E4-A6DD-BA55660413AB}.Debug|Any CPU.ActiveCfg = Debug|Any CPU
		{D80673F4-1916-46E4-A6DD-BA55660413AB}.Debug|Any CPU.Build.0 = Debug|Any CPU
		{D80673F4-1916-46E4-A6DD-BA55660413AB}.Release|Any CPU.ActiveCfg = Release|Any CPU
		{D80673F4-1916-46E4-A6DD-BA55660413AB}.Release|Any CPU.Build.0 = Release|Any CPU
		{C66904A2-4EE9-476B-9B54-1B873522C6C5}.Debug|Any CPU.ActiveCfg = Debug|Any CPU
		{C66904A2-4EE9-476B-9B54-1B873522C6C5}.Debug|Any CPU.Build.0 = Debug|Any CPU
		{C66904A2-4EE9-476B-9B54-1B873522C6C5}.Release|Any CPU.ActiveCfg = Release|Any CPU
		{C66904A2-4EE9-476B-9B54-1B873522C6C5}.Release|Any CPU.Build.0 = Release|Any CPU
		{52EB5C62-8072-4D46-AE73-053773BC56F2}.Debug|Any CPU.ActiveCfg = Debug|Any CPU
		{52EB5C62-8072-4D46-AE73-053773BC56F2}.Debug|Any CPU.Build.0 = Debug|Any CPU
		{52EB5C62-8072-4D46-AE73-053773BC56F2}.Release|Any CPU.ActiveCfg = Release|Any CPU
		{52EB5C62-8072-4D46-AE73-053773BC56F2}.Release|Any CPU.Build.0 = Release|Any CPU
		{89BE2859-593D-48DD-B67A-2520F8FFE7D1}.Debug|Any CPU.ActiveCfg = Debug|Any CPU
		{89BE2859-593D-48DD-B67A-2520F8FFE7D1}.Debug|Any CPU.Build.0 = Debug|Any CPU
		{89BE2859-593D-48DD-B67A-2520F8FFE7D1}.Release|Any CPU.ActiveCfg = Release|Any CPU
		{89BE2859-593D-48DD-B67A-2520F8FFE7D1}.Release|Any CPU.Build.0 = Release|Any CPU
	EndGlobalSection
	GlobalSection(SolutionProperties) = preSolution
		HideSolutionNode = FALSE
	EndGlobalSection
	GlobalSection(ExtensibilityGlobals) = postSolution
		SolutionGuid = {12F9F511-05B7-4EA9-BC3C-980C91A39B8C}
	EndGlobalSection
EndGlobal
